
Microsoft Visual Studio Solution File, Format Version 12.00
# Visual Studio 2012
Project("{FAE04EC0-301F-11D3-BF4B-00C04F79EFBC}") = "ParkingLocator", "Weather\ParkingLocator.csproj", "{CC3908B5-1EB7-472E-ADDD-C4DB0D64EC98}"
EndProject
Project("{FAE04EC0-301F-11D3-BF4B-00C04F79EFBC}") = "ParkingLocator.UITests", "Weather.UITests\ParkingLocator.UITests.csproj", "{38D57B3A-6104-4586-B233-8B1EEF8D09A0}"
EndProject
Global
	GlobalSection(SolutionConfigurationPlatforms) = preSolution
		Debug|Any CPU = Debug|Any CPU
		Release|Any CPU = Release|Any CPU
	EndGlobalSection
	GlobalSection(ProjectConfigurationPlatforms) = postSolution
		{38D57B3A-6104-4586-B233-8B1EEF8D09A0}.Debug|Any CPU.ActiveCfg = Debug|Any CPU
		{38D57B3A-6104-4586-B233-8B1EEF8D09A0}.Debug|Any CPU.Build.0 = Debug|Any CPU
		{38D57B3A-6104-4586-B233-8B1EEF8D09A0}.Release|Any CPU.ActiveCfg = Release|Any CPU
		{38D57B3A-6104-4586-B233-8B1EEF8D09A0}.Release|Any CPU.Build.0 = Release|Any CPU
		{CC3908B5-1EB7-472E-ADDD-C4DB0D64EC98}.Debug|Any CPU.ActiveCfg = Debug|Any CPU
		{CC3908B5-1EB7-472E-ADDD-C4DB0D64EC98}.Debug|Any CPU.Build.0 = Debug|Any CPU
		{CC3908B5-1EB7-472E-ADDD-C4DB0D64EC98}.Release|Any CPU.ActiveCfg = Release|Any CPU
		{CC3908B5-1EB7-472E-ADDD-C4DB0D64EC98}.Release|Any CPU.Build.0 = Release|Any CPU
	EndGlobalSection
EndGlobal
